<Solution>
  <Project Path="Segusum.AspNetCore/Segusum.AspNetCore.csproj" />
  <Project Path="Segusum.Persistence.Tests/Segusum.Persistence.Tests.csproj" />
  <Project Path="Segusum.Persistence/Segusum.Persistence.csproj" />
  <Project Path="Segusum.Tests/Segusum.Tests.csproj" />
  <Project Path="Segusum/Segusum.csproj" />
  <Project Path="Segusum.Analyzers/Segusum.Analyzers.csproj" />
  <Project Path="Segusum.Analyzers.Tests/Segusum.Analyzers.Tests.csproj" />
  <Project Path="Segusum.Admin/Segusum.Admin.csproj" />
  <Project Path="Segusum.Admin.Tests/Segusum.Admin.Tests.csproj" />
  <Project Path="Segusum.Translator.Core/Segusum.Translator.Core.csproj" />
  <Project Path="Segusum.Translator.Cli/Segusum.Translator.Cli.csproj" />
  <Project Path="Segusum.Translator.Web/Segusum.Translator.Web.csproj" />
</Solution>
